// !$*UTF8*$!
{
	archiveVersion = 1;
	classes = {
	};
	objectVersion = 51;
	objects = {

/* Begin PBXBuildFile section */
		C8F5FAEFECB5F1916B55A9B9 /* Pods_VAAPNSWithFirebase.framework in Frameworks */ = {isa = PBXBuildFile; fileRef = CFBB24F1B7682C378FFAFBD7 /* Pods_VAAPNSWithFirebase.framework */; };
		D61400F1243A0EFB00FEA83C /* AppDelegate.swift in Sources */ = {isa = PBXBuildFile; fileRef = D61400F0243A0EFB00FEA83C /* AppDelegate.swift */; };
		D61400F5243A0EFB00FEA83C /* ViewController.swift in Sources */ = {isa = PBXBuildFile; fileRef = D61400F4243A0EFB00FEA83C /* ViewController.swift */; };
		D61400F8243A0EFB00FEA83C /* Main.storyboard in Resources */ = {isa = PBXBuildFile; fileRef = D61400F6243A0EFB00FEA83C /* Main.storyboard */; };
		D61400FA243A0EFD00FEA83C /* Assets.xcassets in Resources */ = {isa = PBXBuildFile; fileRef = D61400F9243A0EFD00FEA83C /* Assets.xcassets */; };
		D61400FD243A0EFD00FEA83C /* LaunchScreen.storyboard in Resources */ = {isa = PBXBuildFile; fileRef = D61400FB243A0EFD00FEA83C /* LaunchScreen.storyboard */; };
		D6140105243A173500FEA83C /* GoogleService-Info.plist in Resources */ = {isa = PBXBuildFile; fileRef = D6140104243A173500FEA83C /* GoogleService-Info.plist */; };
/* End PBXBuildFile section */

/* Begin PBXFileReference section */
		46579D879A90056EBE29FA07 /* Pods-VAAPNSWithFirebase.fcmswizzlingdisabled.xcconfig */ = {isa = PBXFileReference; includeInIndex = 1; lastKnownFileType = text.xcconfig; name = "Pods-VAAPNSWithFirebase.fcmswizzlingdisabled.xcconfig"; path = "Target Support Files/Pods-VAAPNSWithFirebase/Pods-VAAPNSWithFirebase.fcmswizzlingdisabled.xcconfig"; sourceTree = "<group>"; };
		47DE6EF5E854B8AA9B0936A7 /* Pods-VAAPNSWithFirebase.release.xcconfig */ = {isa = PBXFileReference; includeInIndex = 1; lastKnownFileType = text.xcconfig; name = "Pods-VAAPNSWithFirebase.release.xcconfig"; path = "Target Support Files/Pods-VAAPNSWithFirebase/Pods-VAAPNSWithFirebase.release.xcconfig"; sourceTree = "<group>"; };
		8A78C65CAB9015D0198FAB6C /* Pods-VAAPNSWithFirebase.debug.xcconfig */ = {isa = PBXFileReference; includeInIndex = 1; lastKnownFileType = text.xcconfig; name = "Pods-VAAPNSWithFirebase.debug.xcconfig"; path = "Target Support Files/Pods-VAAPNSWithFirebase/Pods-VAAPNSWithFirebase.debug.xcconfig"; sourceTree = "<group>"; };
		CFBB24F1B7682C378FFAFBD7 /* Pods_VAAPNSWithFirebase.framework */ = {isa = PBXFileReference; explicitFileType = wrapper.framework; includeInIndex = 0; path = Pods_VAAPNSWithFirebase.framework; sourceTree = BUILT_PRODUCTS_DIR; };
		D61400ED243A0EFB00FEA83C /* VAAPNSWithFirebase.app */ = {isa = PBXFileReference; explicitFileType = wrapper.application; includeInIndex = 0; path = VAAPNSWithFirebase.app; sourceTree = BUILT_PRODUCTS_DIR; };
		D61400F0243A0EFB00FEA83C /* AppDelegate.swift */ = {isa = PBXFileReference; lastKnownFileType = sourcecode.swift; path = AppDelegate.swift; sourceTree = "<group>"; };
		D61400F4243A0EFB00FEA83C /* ViewController.swift */ = {isa = PBXFileReference; lastKnownFileType = sourcecode.swift; path = ViewController.swift; sourceTree = "<group>"; };
		D61400F7243A0EFB00FEA83C /* Base */ = {isa = PBXFileReference; lastKnownFileType = file.storyboard; name = Base; path = Base.lproj/Main.storyboard; sourceTree = "<group>"; };
		D61400F9243A0EFD00FEA83C /* Assets.xcassets */ = {isa = PBXFileReference; lastKnownFileType = folder.assetcatalog; path = Assets.xcassets; sourceTree = "<group>"; };
		D61400FC243A0EFD00FEA83C /* Base */ = {isa = PBXFileReference; lastKnownFileType = file.storyboard; name = Base; path = Base.lproj/LaunchScreen.storyboard; sourceTree = "<group>"; };
		D61400FE243A0EFD00FEA83C /* Info.plist */ = {isa = PBXFileReference; lastKnownFileType = text.plist.xml; path = Info.plist; sourceTree = "<group>"; };
		D6140104243A173500FEA83C /* GoogleService-Info.plist */ = {isa = PBXFileReference; fileEncoding = 4; lastKnownFileType = text.plist.xml; path = "GoogleService-Info.plist"; sourceTree = "<group>"; };
		D691BF44243A1FCD00D85A65 /* VAAPNSWithFirebase.entitlements */ = {isa = PBXFileReference; lastKnownFileType = text.plist.entitlements; path = VAAPNSWithFirebase.entitlements; sourceTree = "<group>"; };
		D691BF51243DDCA300D85A65 /* Debug.xcconfig */ = {isa = PBXFileReference; lastKnownFileType = text.xcconfig; path = Debug.xcconfig; sourceTree = "<group>"; };
		D691BF52243DDCCF00D85A65 /* FCMNOSwizzling.xcconfig */ = {isa = PBXFileReference; lastKnownFileType = text.xcconfig; path = FCMNOSwizzling.xcconfig; sourceTree = "<group>"; };
		D691BF53243DDCE500D85A65 /* Release.xcconfig */ = {isa = PBXFileReference; lastKnownFileType = text.xcconfig; path = Release.xcconfig; sourceTree = "<group>"; };
/* End PBXFileReference section */

/* Begin PBXFrameworksBuildPhase section */
		D61400EA243A0EFB00FEA83C /* Frameworks */ = {
			isa = PBXFrameworksBuildPhase;
			buildActionMask = 2147483647;
			files = (
				C8F5FAEFECB5F1916B55A9B9 /* Pods_VAAPNSWithFirebase.framework in Frameworks */,
			);
			runOnlyForDeploymentPostprocessing = 0;
		};
/* End PBXFrameworksBuildPhase section */

/* Begin PBXGroup section */
		2226AE108B9B592F8A198CA5 /* Pods */ = {
			isa = PBXGroup;
			children = (
				8A78C65CAB9015D0198FAB6C /* Pods-VAAPNSWithFirebase.debug.xcconfig */,
				47DE6EF5E854B8AA9B0936A7 /* Pods-VAAPNSWithFirebase.release.xcconfig */,
				46579D879A90056EBE29FA07 /* Pods-VAAPNSWithFirebase.fcmswizzlingdisabled.xcconfig */,
			);
			path = Pods;
			sourceTree = "<group>";
		};
		72F1CC5F442E5ED4E3137EA1 /* Frameworks */ = {
			isa = PBXGroup;
			children = (
				CFBB24F1B7682C378FFAFBD7 /* Pods_VAAPNSWithFirebase.framework */,
			);
			name = Frameworks;
			sourceTree = "<group>";
		};
		D61400E4243A0EFB00FEA83C = {
			isa = PBXGroup;
			children = (
				D61400EF243A0EFB00FEA83C /* VAAPNSWithFirebase */,
				D61400EE243A0EFB00FEA83C /* Products */,
				2226AE108B9B592F8A198CA5 /* Pods */,
				72F1CC5F442E5ED4E3137EA1 /* Frameworks */,
			);
			sourceTree = "<group>";
		};
		D61400EE243A0EFB00FEA83C /* Products */ = {
			isa = PBXGroup;
			children = (
				D61400ED243A0EFB00FEA83C /* VAAPNSWithFirebase.app */,
			);
			name = Products;
			sourceTree = "<group>";
		};
		D61400EF243A0EFB00FEA83C /* VAAPNSWithFirebase */ = {
			isa = PBXGroup;
			children = (
				D691BF44243A1FCD00D85A65 /* VAAPNSWithFirebase.entitlements */,
				D61400F0243A0EFB00FEA83C /* AppDelegate.swift */,
				D61400F4243A0EFB00FEA83C /* ViewController.swift */,
				D61400F6243A0EFB00FEA83C /* Main.storyboard */,
				D61400F9243A0EFD00FEA83C /* Assets.xcassets */,
				D61400FB243A0EFD00FEA83C /* LaunchScreen.storyboard */,
				D691BF50243DDBF300D85A65 /* Config */,
				D61400FE243A0EFD00FEA83C /* Info.plist */,
				D6140104243A173500FEA83C /* GoogleService-Info.plist */,
			);
			path = VAAPNSWithFirebase;
			sourceTree = "<group>";
		};
		D691BF50243DDBF300D85A65 /* Config */ = {
			isa = PBXGroup;
			children = (
				D691BF51243DDCA300D85A65 /* Debug.xcconfig */,
				D691BF52243DDCCF00D85A65 /* FCMNOSwizzling.xcconfig */,
				D691BF53243DDCE500D85A65 /* Release.xcconfig */,
			);
			path = Config;
			sourceTree = "<group>";
		};
/* End PBXGroup section */

/* Begin PBXNativeTarget section */
		D61400EC243A0EFB00FEA83C /* VAAPNSWithFirebase */ = {
			isa = PBXNativeTarget;
			buildConfigurationList = D6140101243A0EFD00FEA83C /* Build configuration list for PBXNativeTarget "VAAPNSWithFirebase" */;
			buildPhases = (
				184689664035D81DB9F4F0BE /* [CP] Check Pods Manifest.lock */,
				D61400E9243A0EFB00FEA83C /* Sources */,
				D61400EA243A0EFB00FEA83C /* Frameworks */,
				D61400EB243A0EFB00FEA83C /* Resources */,
				7E245DEE5BE5A7F69A573D01 /* [CP] Embed Pods Frameworks */,
				D691BF55243E0B7F00D85A65 /* Updating Key To InfoPlist  For Disabling FCM Swizzling */,
			);
			buildRules = (
			);
			dependencies = (
			);
			name = VAAPNSWithFirebase;
			productName = VAAPNSWithFirebase;
			productReference = D61400ED243A0EFB00FEA83C /* VAAPNSWithFirebase.app */;
			productType = "com.apple.product-type.application";
		};
/* End PBXNativeTarget section */

/* Begin PBXProject section */
		D61400E5243A0EFB00FEA83C /* Project object */ = {
			isa = PBXProject;
			attributes = {
				LastSwiftUpdateCheck = 1130;
				LastUpgradeCheck = 1130;
				ORGANIZATIONNAME = "Vikash Anand";
				TargetAttributes = {
					D61400EC243A0EFB00FEA83C = {
						CreatedOnToolsVersion = 11.3;
					};
				};
			};
			buildConfigurationList = D61400E8243A0EFB00FEA83C /* Build configuration list for PBXProject "VAAPNSWithFirebase" */;
			compatibilityVersion = "Xcode 9.3";
			developmentRegion = en;
			hasScannedForEncodings = 0;
			knownRegions = (
				en,
				Base,
			);
			mainGroup = D61400E4243A0EFB00FEA83C;
			productRefGroup = D61400EE243A0EFB00FEA83C /* Products */;
			projectDirPath = "";
			projectRoot = "";
			targets = (
				D61400EC243A0EFB00FEA83C /* VAAPNSWithFirebase */,
			);
		};
/* End PBXProject section */

/* Begin PBXResourcesBuildPhase section */
		D61400EB243A0EFB00FEA83C /* Resources */ = {
			isa = PBXResourcesBuildPhase;
			buildActionMask = 2147483647;
			files = (
				D61400FD243A0EFD00FEA83C /* LaunchScreen.storyboard in Resources */,
				D61400FA243A0EFD00FEA83C /* Assets.xcassets in Resources */,
				D6140105243A173500FEA83C /* GoogleService-Info.plist in Resources */,
				D61400F8243A0EFB00FEA83C /* Main.storyboard in Resources */,
			);
			runOnlyForDeploymentPostprocessing = 0;
		};
/* End PBXResourcesBuildPhase section */

/* Begin PBXShellScriptBuildPhase section */
		184689664035D81DB9F4F0BE /* [CP] Check Pods Manifest.lock */ = {
			isa = PBXShellScriptBuildPhase;
			buildActionMask = 2147483647;
			files = (
			);
			inputFileListPaths = (
			);
			inputPaths = (
				"${PODS_PODFILE_DIR_PATH}/Podfile.lock",
				"${PODS_ROOT}/Manifest.lock",
			);
			name = "[CP] Check Pods Manifest.lock";
			outputFileListPaths = (
			);
			outputPaths = (
				"$(DERIVED_FILE_DIR)/Pods-VAAPNSWithFirebase-checkManifestLockResult.txt",
			);
			runOnlyForDeploymentPostprocessing = 0;
			shellPath = /bin/sh;
			shellScript = "diff \"${PODS_PODFILE_DIR_PATH}/Podfile.lock\" \"${PODS_ROOT}/Manifest.lock\" > /dev/null\nif [ $? != 0 ] ; then\n    # print error to STDERR\n    echo \"error: The sandbox is not in sync with the Podfile.lock. Run 'pod install' or update your CocoaPods installation.\" >&2\n    exit 1\nfi\n# This output is used by Xcode 'outputs' to avoid re-running this script phase.\necho \"SUCCESS\" > \"${SCRIPT_OUTPUT_FILE_0}\"\n";
			showEnvVarsInLog = 0;
		};
		7E245DEE5BE5A7F69A573D01 /* [CP] Embed Pods Frameworks */ = {
			isa = PBXShellScriptBuildPhase;
			buildActionMask = 2147483647;
			files = (
			);
			inputFileListPaths = (
				"${PODS_ROOT}/Target Support Files/Pods-VAAPNSWithFirebase/Pods-VAAPNSWithFirebase-frameworks-${CONFIGURATION}-input-files.xcfilelist",
			);
			name = "[CP] Embed Pods Frameworks";
			outputFileListPaths = (
				"${PODS_ROOT}/Target Support Files/Pods-VAAPNSWithFirebase/Pods-VAAPNSWithFirebase-frameworks-${CONFIGURATION}-output-files.xcfilelist",
			);
			runOnlyForDeploymentPostprocessing = 0;
			shellPath = /bin/sh;
			shellScript = "\"${PODS_ROOT}/Target Support Files/Pods-VAAPNSWithFirebase/Pods-VAAPNSWithFirebase-frameworks.sh\"\n";
			showEnvVarsInLog = 0;
		};
		D691BF55243E0B7F00D85A65 /* Updating Key To InfoPlist  For Disabling FCM Swizzling */ = {
			isa = PBXShellScriptBuildPhase;
			buildActionMask = 2147483647;
			files = (
			);
			inputFileListPaths = (
			);
			inputPaths = (
			);
			name = "Updating Key To InfoPlist  For Disabling FCM Swizzling";
			outputFileListPaths = (
			);
			outputPaths = (
			);
			runOnlyForDeploymentPostprocessing = 0;
			shellPath = /bin/sh;
			shellScript = "if [ ${CONFIGURATION} = \"FCMSwizzlingDisabled\" ]; then\n/usr/libexec/PlistBuddy -c \"Set :FirebaseAppDelegateProxyEnabled NO\" \"${TARGET_BUILD_DIR}/${INFOPLIST_PATH}\"\nfi\n";
		};
/* End PBXShellScriptBuildPhase section */

/* Begin PBXSourcesBuildPhase section */
		D61400E9243A0EFB00FEA83C /* Sources */ = {
			isa = PBXSourcesBuildPhase;
			buildActionMask = 2147483647;
			files = (
				D61400F5243A0EFB00FEA83C /* ViewController.swift in Sources */,
				D61400F1243A0EFB00FEA83C /* AppDelegate.swift in Sources */,
			);
			runOnlyForDeploymentPostprocessing = 0;
		};
/* End PBXSourcesBuildPhase section */

/* Begin PBXVariantGroup section */
		D61400F6243A0EFB00FEA83C /* Main.storyboard */ = {
			isa = PBXVariantGroup;
			children = (
				D61400F7243A0EFB00FEA83C /* Base */,
			);
			name = Main.storyboard;
			sourceTree = "<group>";
		};
		D61400FB243A0EFD00FEA83C /* LaunchScreen.storyboard */ = {
			isa = PBXVariantGroup;
			children = (
				D61400FC243A0EFD00FEA83C /* Base */,
			);
			name = LaunchScreen.storyboard;
			sourceTree = "<group>";
		};
/* End PBXVariantGroup section */

/* Begin XCBuildConfiguration section */
		D61400FF243A0EFD00FEA83C /* Debug */ = {
			isa = XCBuildConfiguration;
			baseConfigurationReference = D691BF51243DDCA300D85A65 /* Debug.xcconfig */;
			buildSettings = {
				ALWAYS_SEARCH_USER_PATHS = NO;
				CLANG_ANALYZER_NONNULL = YES;
				CLANG_ANALYZER_NUMBER_OBJECT_CONVERSION = YES_AGGRESSIVE;
				CLANG_CXX_LANGUAGE_STANDARD = "gnu++14";
				CLANG_CXX_LIBRARY = "libc++";
				CLANG_ENABLE_MODULES = YES;
				CLANG_ENABLE_OBJC_ARC = YES;
				CLANG_ENABLE_OBJC_WEAK = YES;
				CLANG_WARN_BLOCK_CAPTURE_AUTORELEASING = YES;
				CLANG_WARN_BOOL_CONVERSION = YES;
				CLANG_WARN_COMMA = YES;
				CLANG_WARN_CONSTANT_CONVERSION = YES;
				CLANG_WARN_DEPRECATED_OBJC_IMPLEMENTATIONS = YES;
				CLANG_WARN_DIRECT_OBJC_ISA_USAGE = YES_ERROR;
				CLANG_WARN_DOCUMENTATION_COMMENTS = YES;
				CLANG_WARN_EMPTY_BODY = YES;
				CLANG_WARN_ENUM_CONVERSION = YES;
				CLANG_WARN_INFINITE_RECURSION = YES;
				CLANG_WARN_INT_CONVERSION = YES;
				CLANG_WARN_NON_LITERAL_NULL_CONVERSION = YES;
				CLANG_WARN_OBJC_IMPLICIT_RETAIN_SELF = YES;
				CLANG_WARN_OBJC_LITERAL_CONVERSION = YES;
				CLANG_WARN_OBJC_ROOT_CLASS = YES_ERROR;
				CLANG_WARN_RANGE_LOOP_ANALYSIS = YES;
				CLANG_WARN_STRICT_PROTOTYPES = YES;
				CLANG_WARN_SUSPICIOUS_MOVE = YES;
				CLANG_WARN_UNGUARDED_AVAILABILITY = YES_AGGRESSIVE;
				CLANG_WARN_UNREACHABLE_CODE = YES;
				CLANG_WARN__DUPLICATE_METHOD_MATCH = YES;
				COPY_PHASE_STRIP = NO;
				DEBUG_INFORMATION_FORMAT = dwarf;
				ENABLE_STRICT_OBJC_MSGSEND = YES;
				ENABLE_TESTABILITY = YES;
				GCC_C_LANGUAGE_STANDARD = gnu11;
				GCC_DYNAMIC_NO_PIC = NO;
				GCC_NO_COMMON_BLOCKS = YES;
				GCC_OPTIMIZATION_LEVEL = 0;
				GCC_PREPROCESSOR_DEFINITIONS = (
					"DEBUG=1",
					"$(inherited)",
				);
				GCC_WARN_64_TO_32_BIT_CONVERSION = YES;
				GCC_WARN_ABOUT_RETURN_TYPE = YES_ERROR;
				GCC_WARN_UNDECLARED_SELECTOR = YES;
				GCC_WARN_UNINITIALIZED_AUTOS = YES_AGGRESSIVE;
				GCC_WARN_UNUSED_FUNCTION = YES;
				GCC_WARN_UNUSED_VARIABLE = YES;
				IPHONEOS_DEPLOYMENT_TARGET = 13.2;
				MTL_ENABLE_DEBUG_INFO = INCLUDE_SOURCE;
				MTL_FAST_MATH = YES;
				ONLY_ACTIVE_ARCH = YES;
				SDKROOT = iphoneos;
				SWIFT_ACTIVE_COMPILATION_CONDITIONS = DEBUG;
				SWIFT_OPTIMIZATION_LEVEL = "-Onone";
			};
			name = Debug;
		};
		D6140100243A0EFD00FEA83C /* Release */ = {
			isa = XCBuildConfiguration;
			baseConfigurationReference = D691BF53243DDCE500D85A65 /* Release.xcconfig */;
			buildSettings = {
				ALWAYS_SEARCH_USER_PATHS = NO;
				CLANG_ANALYZER_NONNULL = YES;
				CLANG_ANALYZER_NUMBER_OBJECT_CONVERSION = YES_AGGRESSIVE;
				CLANG_CXX_LANGUAGE_STANDARD = "gnu++14";
				CLANG_CXX_LIBRARY = "libc++";
				CLANG_ENABLE_MODULES = YES;
				CLANG_ENABLE_OBJC_ARC = YES;
				CLANG_ENABLE_OBJC_WEAK = YES;
				CLANG_WARN_BLOCK_CAPTURE_AUTORELEASING = YES;
				CLANG_WARN_BOOL_CONVERSION = YES;
				CLANG_WARN_COMMA = YES;
				CLANG_WARN_CONSTANT_CONVERSION = YES;
				CLANG_WARN_DEPRECATED_OBJC_IMPLEMENTATIONS = YES;
				CLANG_WARN_DIRECT_OBJC_ISA_USAGE = YES_ERROR;
				CLANG_WARN_DOCUMENTATION_COMMENTS = YES;
				CLANG_WARN_EMPTY_BODY = YES;
				CLANG_WARN_ENUM_CONVERSION = YES;
				CLANG_WARN_INFINITE_RECURSION = YES;
				CLANG_WARN_INT_CONVERSION = YES;
				CLANG_WARN_NON_LITERAL_NULL_CONVERSION = YES;
				CLANG_WARN_OBJC_IMPLICIT_RETAIN_SELF = YES;
				CLANG_WARN_OBJC_LITERAL_CONVERSION = YES;
				CLANG_WARN_OBJC_ROOT_CLASS = YES_ERROR;
				CLANG_WARN_RANGE_LOOP_ANALYSIS = YES;
				CLANG_WARN_STRICT_PROTOTYPES = YES;
				CLANG_WARN_SUSPICIOUS_MOVE = YES;
				CLANG_WARN_UNGUARDED_AVAILABILITY = YES_AGGRESSIVE;
				CLANG_WARN_UNREACHABLE_CODE = YES;
				CLANG_WARN__DUPLICATE_METHOD_MATCH = YES;
				COPY_PHASE_STRIP = NO;
				DEBUG_INFORMATION_FORMAT = "dwarf-with-dsym";
				ENABLE_NS_ASSERTIONS = NO;
				ENABLE_STRICT_OBJC_MSGSEND = YES;
				GCC_C_LANGUAGE_STANDARD = gnu11;
				GCC_NO_COMMON_BLOCKS = YES;
				GCC_WARN_64_TO_32_BIT_CONVERSION = YES;
				GCC_WARN_ABOUT_RETURN_TYPE = YES_ERROR;
				GCC_WARN_UNDECLARED_SELECTOR = YES;
				GCC_WARN_UNINITIALIZED_AUTOS = YES_AGGRESSIVE;
				GCC_WARN_UNUSED_FUNCTION = YES;
				GCC_WARN_UNUSED_VARIABLE = YES;
				IPHONEOS_DEPLOYMENT_TARGET = 13.2;
				MTL_ENABLE_DEBUG_INFO = NO;
				MTL_FAST_MATH = YES;
				SDKROOT = iphoneos;
				SWIFT_COMPILATION_MODE = wholemodule;
				SWIFT_OPTIMIZATION_LEVEL = "-O";
				VALIDATE_PRODUCT = YES;
			};
			name = Release;
		};
		D6140102243A0EFD00FEA83C /* Debug */ = {
			isa = XCBuildConfiguration;
			baseConfigurationReference = D691BF51243DDCA300D85A65 /* Debug.xcconfig */;
			buildSettings = {
				ASSETCATALOG_COMPILER_APPICON_NAME = AppIcon;
				CODE_SIGN_ENTITLEMENTS = VAAPNSWithFirebase/VAAPNSWithFirebase.entitlements;
				CODE_SIGN_STYLE = Automatic;
				DEVELOPMENT_TEAM = B6LN4XWA2V;
				INFOPLIST_FILE = VAAPNSWithFirebase/Info.plist;
				LD_RUNPATH_SEARCH_PATHS = (
					"$(inherited)",
					"@executable_path/Frameworks",
				);
				PRODUCT_BUNDLE_IDENTIFIER = com.va.VAAPNSWithFirebase;
				PRODUCT_NAME = "$(TARGET_NAME)";
				SWIFT_VERSION = 5.0;
				TARGETED_DEVICE_FAMILY = "1,2";
			};
			name = Debug;
		};
		D6140103243A0EFD00FEA83C /* Release */ = {
			isa = XCBuildConfiguration;
			baseConfigurationReference = D691BF53243DDCE500D85A65 /* Release.xcconfig */;
			buildSettings = {
				ASSETCATALOG_COMPILER_APPICON_NAME = AppIcon;
				CODE_SIGN_ENTITLEMENTS = VAAPNSWithFirebase/VAAPNSWithFirebase.entitlements;
				CODE_SIGN_STYLE = Automatic;
				DEVELOPMENT_TEAM = B6LN4XWA2V;
				INFOPLIST_FILE = VAAPNSWithFirebase/Info.plist;
				LD_RUNPATH_SEARCH_PATHS = (
					"$(inherited)",
					"@executable_path/Frameworks",
				);
				PRODUCT_BUNDLE_IDENTIFIER = com.va.VAAPNSWithFirebase;
				PRODUCT_NAME = "$(TARGET_NAME)";
				SWIFT_VERSION = 5.0;
				TARGETED_DEVICE_FAMILY = "1,2";
			};
			name = Release;
		};
		D691BF4E243DD91300D85A65 /* FCMSwizzlingDisabled */ = {
			isa = XCBuildConfiguration;
			baseConfigurationReference = D691BF52243DDCCF00D85A65 /* FCMNOSwizzling.xcconfig */;
			buildSettings = {
				ALWAYS_SEARCH_USER_PATHS = NO;
				CLANG_ANALYZER_NONNULL = YES;
				CLANG_ANALYZER_NUMBER_OBJECT_CONVERSION = YES_AGGRESSIVE;
				CLANG_CXX_LANGUAGE_STANDARD = "gnu++14";
				CLANG_CXX_LIBRARY = "libc++";
				CLANG_ENABLE_MODULES = YES;
				CLANG_ENABLE_OBJC_ARC = YES;
				CLANG_ENABLE_OBJC_WEAK = YES;
				CLANG_WARN_BLOCK_CAPTURE_AUTORELEASING = YES;
				CLANG_WARN_BOOL_CONVERSION = YES;
				CLANG_WARN_COMMA = YES;
				CLANG_WARN_CONSTANT_CONVERSION = YES;
				CLANG_WARN_DEPRECATED_OBJC_IMPLEMENTATIONS = YES;
				CLANG_WARN_DIRECT_OBJC_ISA_USAGE = YES_ERROR;
				CLANG_WARN_DOCUMENTATION_COMMENTS = YES;
				CLANG_WARN_EMPTY_BODY = YES;
				CLANG_WARN_ENUM_CONVERSION = YES;
				CLANG_WARN_INFINITE_RECURSION = YES;
				CLANG_WARN_INT_CONVERSION = YES;
				CLANG_WARN_NON_LITERAL_NULL_CONVERSION = YES;
				CLANG_WARN_OBJC_IMPLICIT_RETAIN_SELF = YES;
				CLANG_WARN_OBJC_LITERAL_CONVERSION = YES;
				CLANG_WARN_OBJC_ROOT_CLASS = YES_ERROR;
				CLANG_WARN_RANGE_LOOP_ANALYSIS = YES;
				CLANG_WARN_STRICT_PROTOTYPES = YES;
				CLANG_WARN_SUSPICIOUS_MOVE = YES;
				CLANG_WARN_UNGUARDED_AVAILABILITY = YES_AGGRESSIVE;
				CLANG_WARN_UNREACHABLE_CODE = YES;
				CLANG_WARN__DUPLICATE_METHOD_MATCH = YES;
				COPY_PHASE_STRIP = NO;
				DEBUG_INFORMATION_FORMAT = dwarf;
				ENABLE_STRICT_OBJC_MSGSEND = YES;
				ENABLE_TESTABILITY = YES;
				GCC_C_LANGUAGE_STANDARD = gnu11;
				GCC_DYNAMIC_NO_PIC = NO;
				GCC_NO_COMMON_BLOCKS = YES;
				GCC_OPTIMIZATION_LEVEL = 0;
				GCC_PREPROCESSOR_DEFINITIONS = (
					"DEBUG=1",
					"$(inherited)",
				);
				GCC_WARN_64_TO_32_BIT_CONVERSION = YES;
				GCC_WARN_ABOUT_RETURN_TYPE = YES_ERROR;
				GCC_WARN_UNDECLARED_SELECTOR = YES;
				GCC_WARN_UNINITIALIZED_AUTOS = YES_AGGRESSIVE;
				GCC_WARN_UNUSED_FUNCTION = YES;
				GCC_WARN_UNUSED_VARIABLE = YES;
				IPHONEOS_DEPLOYMENT_TARGET = 13.2;
				MTL_ENABLE_DEBUG_INFO = INCLUDE_SOURCE;
				MTL_FAST_MATH = YES;
				ONLY_ACTIVE_ARCH = YES;
				SDKROOT = iphoneos;
				SWIFT_ACTIVE_COMPILATION_CONDITIONS = DEBUG;
				SWIFT_OPTIMIZATION_LEVEL = "-Onone";
			};
			name = FCMSwizzlingDisabled;
		};
		D691BF4F243DD91300D85A65 /* FCMSwizzlingDisabled */ = {
			isa = XCBuildConfiguration;
			baseConfigurationReference = D691BF52243DDCCF00D85A65 /* FCMNOSwizzling.xcconfig */;
			buildSettings = {
				ASSETCATALOG_COMPILER_APPICON_NAME = AppIcon;
				CODE_SIGN_ENTITLEMENTS = VAAPNSWithFirebase/VAAPNSWithFirebase.entitlements;
				CODE_SIGN_STYLE = Automatic;
				DEVELOPMENT_TEAM = B6LN4XWA2V;
				INFOPLIST_FILE = VAAPNSWithFirebase/Info.plist;
				LD_RUNPATH_SEARCH_PATHS = (
					"$(inherited)",
					"@executable_path/Frameworks",
				);
				PRODUCT_BUNDLE_IDENTIFIER = com.va.VAAPNSWithFirebase;
				PRODUCT_NAME = "$(TARGET_NAME)";
				SWIFT_VERSION = 5.0;
				TARGETED_DEVICE_FAMILY = "1,2";
			};
			name = FCMSwizzlingDisabled;
		};
/* End XCBuildConfiguration section */

/* Begin XCConfigurationList section */
		D61400E8243A0EFB00FEA83C /* Build configuration list for PBXProject "VAAPNSWithFirebase" */ = {
			isa = XCConfigurationList;
			buildConfigurations = (
				D61400FF243A0EFD00FEA83C /* Debug */,
				D691BF4E243DD91300D85A65 /* FCMSwizzlingDisabled */,
				D6140100243A0EFD00FEA83C /* Release */,
			);
			defaultConfigurationIsVisible = 0;
			defaultConfigurationName = Release;
		};
		D6140101243A0EFD00FEA83C /* Build configuration list for PBXNativeTarget "VAAPNSWithFirebase" */ = {
			isa = XCConfigurationList;
			buildConfigurations = (
				D6140102243A0EFD00FEA83C /* Debug */,
				D691BF4F243DD91300D85A65 /* FCMSwizzlingDisabled */,
				D6140103243A0EFD00FEA83C /* Release */,
			);
			defaultConfigurationIsVisible = 0;
			defaultConfigurationName = Release;
		};
/* End XCConfigurationList section */
	};
	rootObject = D61400E5243A0EFB00FEA83C /* Project object */;
}
